<?xml version="1.0" encoding="utf-8"?>
<Project ToolsVersion="4.0" xmlns="http://schemas.microsoft.com/developer/msbuild/2003">
  <ItemGroup>
    <Filter Include="Source Files">
      <UniqueIdentifier>{4FC737F1-C7A5-4376-A066-2A32D752A2FF}</UniqueIdentifier>
      <Extensions>cpp;c;cc;cxx;def;odl;idl;hpj;bat;asm;asmx</Extensions>
    </Filter>
    <Filter Include="Header Files">
      <UniqueIdentifier>{93995380-89BD-4b04-88EB-625FBE52EBFB}</UniqueIdentifier>
      <Extensions>h;hh;hpp;hxx;hm;inl;inc;xsd</Extensions>
    </Filter>
    <Filter Include="Resource Files">
      <UniqueIdentifier>{67DA6AB6-F800-4c08-8B7A-83BB121AAD01}</UniqueIdentifier>
      <Extensions>rc;ico;cur;bmp;dlg;rc2;rct;bin;rgs;gif;jpg;jpeg;jpe;resx;tiff;tif;png;wav;mfcribbon-ms</Extensions>
    </Filter>
    <Filter Include="Source Files\kernel">
      <UniqueIdentifier>{2a930e02-910d-4ae0-a70e-650077581813}</UniqueIdentifier>
    </Filter>
    <Filter Include="Header Files\kernel">
      <UniqueIdentifier>{831e9bb4-50f5-4837-824a-5e0572ecde50}</UniqueIdentifier>
    </Filter>
    <Filter Include="Header Files\core">
      <UniqueIdentifier>{1913d7f4-9a7c-402c-8da4-9aeb95567912}</UniqueIdentifier>
    </Filter>
    <Filter Include="Source Files\libs">
      <UniqueIdentifier>{686a8f1b-a65f-4d85-9941-2d0f15cd65a5}</UniqueIdentifier>
    </Filter>
    <Filter Include="Header Files\libs">
      <UniqueIdentifier>{1d84ece6-69dc-4372-a2a2-0df975b77aeb}</UniqueIdentifier>
    </Filter>
    <Filter Include="Source Files\protocol">
      <UniqueIdentifier>{7bca3c1e-4fc5-4f6a-a6a4-fa82a30b6354}</UniqueIdentifier>
    </Filter>
    <Filter Include="Header Files\protocol">
      <UniqueIdentifier>{35577219-3dbe-4023-b5ec-5c5fa8b6ce0f}</UniqueIdentifier>
    </Filter>
    <Filter Include="Header Files\libs\core">
      <UniqueIdentifier>{ad32c074-df8e-4066-bf54-e72f8b8d36ad}</UniqueIdentifier>
    </Filter>
    <Filter Include="Source Files\core">
      <UniqueIdentifier>{6583d094-23b3-4ae4-9baa-e1dbb52d118d}</UniqueIdentifier>
    </Filter>
    <Filter Include="Source Files\app">
      <UniqueIdentifier>{d8f57ac1-1a0d-406a-82b3-e78b5a2cce8b}</UniqueIdentifier>
    </Filter>
    <Filter Include="Header Files\app">
      <UniqueIdentifier>{047e091e-3e02-4dc8-af6c-d61ada11a968}</UniqueIdentifier>
    </Filter>
  </ItemGroup>
  <ItemGroup>
    <ClCompile Include="kernel\srs_kernel_aac.cpp">
      <Filter>Source Files\kernel</Filter>
    </ClCompile>
    <ClCompile Include="kernel\srs_kernel_buffer.cpp">
      <Filter>Source Files\kernel</Filter>
    </ClCompile>
    <ClCompile Include="kernel\srs_kernel_codec.cpp">
      <Filter>Source Files\kernel</Filter>
    </ClCompile>
    <ClCompile Include="kernel\srs_kernel_consts.cpp">
      <Filter>Source Files\kernel</Filter>
    </ClCompile>
    <ClCompile Include="kernel\srs_kernel_error.cpp">
      <Filter>Source Files\kernel</Filter>
    </ClCompile>
    <ClCompile Include="kernel\srs_kernel_file.cpp">
      <Filter>Source Files\kernel</Filter>
    </ClCompile>
    <ClCompile Include="kernel\srs_kernel_flv.cpp">
      <Filter>Source Files\kernel</Filter>
    </ClCompile>
    <ClCompile Include="kernel\srs_kernel_log.cpp">
      <Filter>Source Files\kernel</Filter>
    </ClCompile>
    <ClCompile Include="kernel\srs_kernel_mp3.cpp">
      <Filter>Source Files\kernel</Filter>
    </ClCompile>
    <ClCompile Include="kernel\srs_kernel_stream.cpp">
      <Filter>Source Files\kernel</Filter>
    </ClCompile>
    <ClCompile Include="kernel\srs_kernel_ts.cpp">
      <Filter>Source Files\kernel</Filter>
    </ClCompile>
    <ClCompile Include="kernel\srs_kernel_utility.cpp">
      <Filter>Source Files\kernel</Filter>
    </ClCompile>
    <ClCompile Include="core\srs_core.cpp">
      <Filter>Header Files\libs\core</Filter>
    </ClCompile>
    <ClCompile Include="core\srs_core_autofree.cpp">
      <Filter>Header Files\libs\core</Filter>
    </ClCompile>
    <ClCompile Include="core\srs_core_mem_watch.cpp">
      <Filter>Header Files\libs\core</Filter>
    </ClCompile>
    <ClCompile Include="core\srs_core_performance.cpp">
      <Filter>Header Files\libs\core</Filter>
    </ClCompile>
    <ClCompile Include="libs\srs_librtmp.cpp">
      <Filter>Source Files\libs</Filter>
    </ClCompile>
    <ClCompile Include="libs\srs_lib_bandwidth.cpp">
      <Filter>Source Files\libs</Filter>
    </ClCompile>
    <ClCompile Include="libs\srs_lib_simple_socket.cpp">
      <Filter>Source Files\libs</Filter>
    </ClCompile>
    <ClCompile Include="protocol\srs_http_stack.cpp">
      <Filter>Source Files\protocol</Filter>
    </ClCompile>
    <ClCompile Include="protocol\srs_protocol_buffer.cpp">
      <Filter>Source Files\protocol</Filter>
    </ClCompile>
    <ClCompile Include="protocol\srs_protocol_json.cpp">
      <Filter>Source Files\protocol</Filter>
    </ClCompile>
    <ClCompile Include="protocol\srs_protocol_kbps.cpp">
      <Filter>Source Files\protocol</Filter>
    </ClCompile>
    <ClCompile Include="protocol\srs_raw_avc.cpp">
      <Filter>Source Files\protocol</Filter>
    </ClCompile>
    <ClCompile Include="protocol\srs_rtmp_amf0.cpp">
      <Filter>Source Files\protocol</Filter>
    </ClCompile>
    <ClCompile Include="protocol\srs_rtmp_handshake.cpp">
      <Filter>Source Files\protocol</Filter>
    </ClCompile>
    <ClCompile Include="protocol\srs_rtmp_io.cpp">
      <Filter>Source Files\protocol</Filter>
    </ClCompile>
    <ClCompile Include="protocol\srs_rtmp_msg_array.cpp">
      <Filter>Source Files\protocol</Filter>
    </ClCompile>
    <ClCompile Include="protocol\srs_rtmp_stack.cpp">
      <Filter>Source Files\protocol</Filter>
    </ClCompile>
    <ClCompile Include="protocol\srs_rtmp_utility.cpp">
      <Filter>Source Files\protocol</Filter>
    </ClCompile>
    <ClCompile Include="protocol\srs_rtsp_stack.cpp">
      <Filter>Source Files\protocol</Filter>
    </ClCompile>
    <ClCompile Include="app\http_parser.c">
      <Filter>Source Files\app</Filter>
    </ClCompile>
    <ClCompile Include="app\srs_app_async_call.cpp">
      <Filter>Source Files\app</Filter>
    </ClCompile>
    <ClCompile Include="app\srs_app_bandwidth.cpp">
      <Filter>Source Files\app</Filter>
    </ClCompile>
    <ClCompile Include="app\srs_app_caster_flv.cpp">
      <Filter>Source Files\app</Filter>
    </ClCompile>
    <ClCompile Include="app\srs_app_config.cpp">
      <Filter>Source Files\app</Filter>
    </ClCompile>
    <ClCompile Include="app\srs_app_conn.cpp">
      <Filter>Source Files\app</Filter>
    </ClCompile>
    <ClCompile Include="app\srs_app_dvr.cpp">
      <Filter>Source Files\app</Filter>
    </ClCompile>
    <ClCompile Include="app\srs_app_edge.cpp">
      <Filter>Source Files\app</Filter>
    </ClCompile>
    <ClCompile Include="app\srs_app_empty.cpp">
      <Filter>Source Files\app</Filter>
    </ClCompile>
    <ClCompile Include="app\srs_app_encoder.cpp">
      <Filter>Source Files\app</Filter>
    </ClCompile>
    <ClCompile Include="app\srs_app_forward.cpp">
      <Filter>Source Files\app</Filter>
    </ClCompile>
    <ClCompile Include="app\srs_app_hds.cpp">
      <Filter>Source Files\app</Filter>
    </ClCompile>
    <ClCompile Include="app\srs_app_heartbeat.cpp">
      <Filter>Source Files\app</Filter>
    </ClCompile>
    <ClCompile Include="app\srs_app_hls.cpp">
      <Filter>Source Files\app</Filter>
    </ClCompile>
    <ClCompile Include="app\srs_app_http_api.cpp">
      <Filter>Source Files\app</Filter>
    </ClCompile>
    <ClCompile Include="app\srs_app_http_client.cpp">
      <Filter>Source Files\app</Filter>
    </ClCompile>
    <ClCompile Include="app\srs_app_http_conn.cpp">
      <Filter>Source Files\app</Filter>
    </ClCompile>
    <ClCompile Include="app\srs_app_http_hooks.cpp">
      <Filter>Source Files\app</Filter>
    </ClCompile>
    <ClCompile Include="app\srs_app_http_static.cpp">
      <Filter>Source Files\app</Filter>
    </ClCompile>
    <ClCompile Include="app\srs_app_http_stream.cpp">
      <Filter>Source Files\app</Filter>
    </ClCompile>
    <ClCompile Include="app\srs_app_ingest.cpp">
      <Filter>Source Files\app</Filter>
    </ClCompile>
    <ClCompile Include="app\srs_app_listener.cpp">
      <Filter>Source Files\app</Filter>
    </ClCompile>
    <ClCompile Include="app\srs_app_log.cpp">
      <Filter>Source Files\app</Filter>
    </ClCompile>
    <ClCompile Include="app\srs_app_mpegts_udp.cpp">
      <Filter>Source Files\app</Filter>
    </ClCompile>
    <ClCompile Include="app\srs_app_pithy_print.cpp">
      <Filter>Source Files\app</Filter>
    </ClCompile>
    <ClCompile Include="app\srs_app_recv_thread.cpp">
      <Filter>Source Files\app</Filter>
    </ClCompile>
    <ClCompile Include="app\srs_app_refer.cpp">
      <Filter>Source Files\app</Filter>
    </ClCompile>
    <ClCompile Include="app\srs_app_reload.cpp">
      <Filter>Source Files\app</Filter>
    </ClCompile>
    <ClCompile Include="app\srs_app_rtmp_conn.cpp">
      <Filter>Source Files\app</Filter>
    </ClCompile>
    <ClCompile Include="app\srs_app_rtsp.cpp">
      <Filter>Source Files\app</Filter>
    </ClCompile>
    <ClCompile Include="app\srs_app_security.cpp">
      <Filter>Source Files\app</Filter>
    </ClCompile>
    <ClCompile Include="app\srs_app_source.cpp">
      <Filter>Source Files\app</Filter>
    </ClCompile>
    <ClCompile Include="app\srs_app_st.cpp">
      <Filter>Source Files\app</Filter>
    </ClCompile>
    <ClCompile Include="app\srs_app_statistic.cpp">
      <Filter>Source Files\app</Filter>
    </ClCompile>
    <ClCompile Include="app\srs_app_thread.cpp">
      <Filter>Source Files\app</Filter>
    </ClCompile>
  </ItemGroup>
  <ItemGroup>
    <ClInclude Include="core\srs_auto_headers.hpp">
      <Filter>Header Files\core</Filter>
    </ClInclude>
    <ClInclude Include="core\srs_core.hpp">
      <Filter>Header Files\core</Filter>
    </ClInclude>
    <ClInclude Include="core\srs_core_autofree.hpp">
      <Filter>Header Files\core</Filter>
    </ClInclude>
    <ClInclude Include="core\srs_core_mem_watch.hpp">
      <Filter>Header Files\core</Filter>
    </ClInclude>
    <ClInclude Include="core\srs_core_performance.hpp">
      <Filter>Header Files\core</Filter>
    </ClInclude>
    <ClInclude Include="kernel\srs_kernel_aac.hpp">
      <Filter>Header Files\kernel</Filter>
    </ClInclude>
    <ClInclude Include="kernel\srs_kernel_buffer.hpp">
      <Filter>Header Files\kernel</Filter>
    </ClInclude>
    <ClInclude Include="kernel\srs_kernel_codec.hpp">
      <Filter>Header Files\kernel</Filter>
    </ClInclude>
    <ClInclude Include="kernel\srs_kernel_consts.hpp">
      <Filter>Header Files\kernel</Filter>
    </ClInclude>
    <ClInclude Include="kernel\srs_kernel_error.hpp">
      <Filter>Header Files\kernel</Filter>
    </ClInclude>
    <ClInclude Include="kernel\srs_kernel_file.hpp">
      <Filter>Header Files\kernel</Filter>
    </ClInclude>
    <ClInclude Include="kernel\srs_kernel_flv.hpp">
      <Filter>Header Files\kernel</Filter>
    </ClInclude>
    <ClInclude Include="kernel\srs_kernel_log.hpp">
      <Filter>Header Files\kernel</Filter>
    </ClInclude>
    <ClInclude Include="kernel\srs_kernel_mp3.hpp">
      <Filter>Header Files\kernel</Filter>
    </ClInclude>
    <ClInclude Include="kernel\srs_kernel_stream.hpp">
      <Filter>Header Files\kernel</Filter>
    </ClInclude>
    <ClInclude Include="kernel\srs_kernel_ts.hpp">
      <Filter>Header Files\kernel</Filter>
    </ClInclude>
    <ClInclude Include="kernel\srs_kernel_utility.hpp">
      <Filter>Header Files\kernel</Filter>
    </ClInclude>
    <ClInclude Include="libs\srs_librtmp.hpp">
      <Filter>Header Files\libs</Filter>
    </ClInclude>
    <ClInclude Include="libs\srs_lib_bandwidth.hpp">
      <Filter>Header Files\libs</Filter>
    </ClInclude>
    <ClInclude Include="libs\srs_lib_simple_socket.hpp">
      <Filter>Header Files\libs</Filter>
    </ClInclude>
    <ClInclude Include="protocol\srs_http_stack.hpp">
      <Filter>Header Files\protocol</Filter>
    </ClInclude>
    <ClInclude Include="protocol\srs_protocol_buffer.hpp">
      <Filter>Header Files\protocol</Filter>
    </ClInclude>
    <ClInclude Include="protocol\srs_protocol_json.hpp">
      <Filter>Header Files\protocol</Filter>
    </ClInclude>
    <ClInclude Include="protocol\srs_protocol_kbps.hpp">
      <Filter>Header Files\protocol</Filter>
    </ClInclude>
    <ClInclude Include="protocol\srs_raw_avc.hpp">
      <Filter>Header Files\protocol</Filter>
    </ClInclude>
    <ClInclude Include="protocol\srs_rtmp_amf0.hpp">
      <Filter>Header Files\protocol</Filter>
    </ClInclude>
    <ClInclude Include="protocol\srs_rtmp_handshake.hpp">
      <Filter>Header Files\protocol</Filter>
    </ClInclude>
    <ClInclude Include="protocol\srs_rtmp_io.hpp">
      <Filter>Header Files\protocol</Filter>
    </ClInclude>
    <ClInclude Include="protocol\srs_rtmp_msg_array.hpp">
      <Filter>Header Files\protocol</Filter>
    </ClInclude>
    <ClInclude Include="protocol\srs_rtmp_stack.hpp">
      <Filter>Header Files\protocol</Filter>
    </ClInclude>
    <ClInclude Include="protocol\srs_rtmp_utility.hpp">
      <Filter>Header Files\protocol</Filter>
    </ClInclude>
    <ClInclude Include="protocol\srs_rtsp_stack.hpp">
      <Filter>Header Files\protocol</Filter>
    </ClInclude>
    <ClInclude Include="app\http_parser.h">
      <Filter>Header Files\app</Filter>
    </ClInclude>
    <ClInclude Include="app\srs_app_thread.hpp">
      <Filter>Header Files\app</Filter>
    </ClInclude>
    <ClInclude Include="app\srs_app_statistic.hpp">
      <Filter>Header Files\app</Filter>
    </ClInclude>
    <ClInclude Include="app\srs_app_st.hpp">
      <Filter>Header Files\app</Filter>
    </ClInclude>
    <ClInclude Include="app\srs_app_source.hpp">
      <Filter>Header Files\app</Filter>
    </ClInclude>
    <ClInclude Include="app\srs_app_security.hpp">
      <Filter>Header Files\app</Filter>
    </ClInclude>
    <ClInclude Include="app\srs_app_rtsp.hpp">
      <Filter>Header Files\app</Filter>
    </ClInclude>
    <ClInclude Include="app\srs_app_rtmp_conn.hpp">
      <Filter>Header Files\app</Filter>
    </ClInclude>
    <ClInclude Include="app\srs_app_reload.hpp">
      <Filter>Header Files\app</Filter>
    </ClInclude>
    <ClInclude Include="app\srs_app_refer.hpp">
      <Filter>Header Files\app</Filter>
    </ClInclude>
    <ClInclude Include="app\srs_app_recv_thread.hpp">
      <Filter>Header Files\app</Filter>
    </ClInclude>
    <ClInclude Include="app\srs_app_pithy_print.hpp">
      <Filter>Header Files\app</Filter>
    </ClInclude>
    <ClInclude Include="app\srs_app_mpegts_udp.hpp">
      <Filter>Header Files\app</Filter>
    </ClInclude>
    <ClInclude Include="app\srs_app_log.hpp">
      <Filter>Header Files\app</Filter>
    </ClInclude>
    <ClInclude Include="app\srs_app_listener.hpp">
      <Filter>Header Files\app</Filter>
    </ClInclude>
    <ClInclude Include="app\srs_app_ingest.hpp">
      <Filter>Header Files\app</Filter>
    </ClInclude>
    <ClInclude Include="app\srs_app_http_stream.hpp">
      <Filter>Header Files\app</Filter>
    </ClInclude>
    <ClInclude Include="app\srs_app_http_static.hpp">
      <Filter>Header Files\app</Filter>
    </ClInclude>
    <ClInclude Include="app\srs_app_http_hooks.hpp">
      <Filter>Header Files\app</Filter>
    </ClInclude>
    <ClInclude Include="app\srs_app_http_conn.hpp">
      <Filter>Header Files\app</Filter>
    </ClInclude>
    <ClInclude Include="app\srs_app_http_client.hpp">
      <Filter>Header Files\app</Filter>
    </ClInclude>
    <ClInclude Include="app\srs_app_http_api.hpp">
      <Filter>Header Files\app</Filter>
    </ClInclude>
    <ClInclude Include="app\srs_app_hls.hpp">
      <Filter>Header Files\app</Filter>
    </ClInclude>
    <ClInclude Include="app\srs_app_heartbeat.hpp">
      <Filter>Header Files\app</Filter>
    </ClInclude>
    <ClInclude Include="app\srs_app_hds.hpp">
      <Filter>Header Files\app</Filter>
    </ClInclude>
    <ClInclude Include="app\srs_app_forward.hpp">
      <Filter>Header Files\app</Filter>
    </ClInclude>
    <ClInclude Include="app\srs_app_encoder.hpp">
      <Filter>Header Files\app</Filter>
    </ClInclude>
    <ClInclude Include="app\srs_app_empty.hpp">
      <Filter>Header Files\app</Filter>
    </ClInclude>
    <ClInclude Include="app\srs_app_edge.hpp">
      <Filter>Header Files\app</Filter>
    </ClInclude>
    <ClInclude Include="app\srs_app_dvr.hpp">
      <Filter>Header Files\app</Filter>
    </ClInclude>
    <ClInclude Include="app\srs_app_conn.hpp">
      <Filter>Header Files\app</Filter>
    </ClInclude>
    <ClInclude Include="app\srs_app_config.hpp">
      <Filter>Header Files\app</Filter>
    </ClInclude>
    <ClInclude Include="app\srs_app_caster_flv.hpp">
      <Filter>Header Files\app</Filter>
    </ClInclude>
    <ClInclude Include="app\srs_app_bandwidth.hpp">
      <Filter>Header Files\app</Filter>
    </ClInclude>
    <ClInclude Include="app\srs_app_async_call.hpp">
      <Filter>Header Files\app</Filter>
    </ClInclude>
    <ClInclude Include="app\win32_io.h">
      <Filter>Header Files</Filter>
    </ClInclude>
    <ClInclude Include="app\srs_app_ffmpeg.hpp">
      <Filter>Header Files</Filter>
    </ClInclude>
    <ClInclude Include="app\srs_app_server.hpp">
      <Filter>Header Files</Filter>
    </ClInclude>
    <ClInclude Include="app\srs_app_utility.hpp">
      <Filter>Header Files</Filter>
    </ClInclude>
  </ItemGroup>
</Project>