<?xml version="1.0" encoding="utf-8"?>
<Project ToolsVersion="4.0" xmlns="http://schemas.microsoft.com/developer/msbuild/2003">
  <ItemGroup>
    <Filter Include="Source Files">
      <UniqueIdentifier>{4FC737F1-C7A5-4376-A066-2A32D752A2FF}</UniqueIdentifier>
      <Extensions>cpp;c;cc;cxx;def;odl;idl;hpj;bat;asm;asmx</Extensions>
    </Filter>
    <Filter Include="Header Files">
      <UniqueIdentifier>{93995380-89BD-4b04-88EB-625FBE52EBFB}</UniqueIdentifier>
      <Extensions>h;hh;hpp;hxx;hm;inl;inc;xsd</Extensions>
    </Filter>
    <Filter Include="Resource Files">
      <UniqueIdentifier>{67DA6AB6-F800-4c08-8B7A-83BB121AAD01}</UniqueIdentifier>
      <Extensions>rc;ico;cur;bmp;dlg;rc2;rct;bin;rgs;gif;jpg;jpeg;jpe;resx;tiff;tif;png;wav;mfcribbon-ms</Extensions>
    </Filter>
  </ItemGroup>
  <ItemGroup>
    <ClCompile Include="app\http_parser.c">
      <Filter>Source Files</Filter>
    </ClCompile>
    <ClCompile Include="app\srs_app_async_call.cpp">
      <Filter>Source Files</Filter>
    </ClCompile>
    <ClCompile Include="app\srs_app_bandwidth.cpp">
      <Filter>Source Files</Filter>
    </ClCompile>
    <ClCompile Include="app\srs_app_caster_flv.cpp">
      <Filter>Source Files</Filter>
    </ClCompile>
    <ClCompile Include="app\srs_app_config.cpp">
      <Filter>Source Files</Filter>
    </ClCompile>
    <ClCompile Include="app\srs_app_conn.cpp">
      <Filter>Source Files</Filter>
    </ClCompile>
    <ClCompile Include="app\srs_app_dvr.cpp">
      <Filter>Source Files</Filter>
    </ClCompile>
    <ClCompile Include="app\srs_app_edge.cpp">
      <Filter>Source Files</Filter>
    </ClCompile>
    <ClCompile Include="app\srs_app_empty.cpp">
      <Filter>Source Files</Filter>
    </ClCompile>
    <ClCompile Include="app\srs_app_encoder.cpp">
      <Filter>Source Files</Filter>
    </ClCompile>
    <ClCompile Include="app\srs_app_forward.cpp">
      <Filter>Source Files</Filter>
    </ClCompile>
    <ClCompile Include="app\srs_app_hds.cpp">
      <Filter>Source Files</Filter>
    </ClCompile>
    <ClCompile Include="app\srs_app_heartbeat.cpp">
      <Filter>Source Files</Filter>
    </ClCompile>
    <ClCompile Include="app\srs_app_hls.cpp">
      <Filter>Source Files</Filter>
    </ClCompile>
    <ClCompile Include="app\srs_app_http_api.cpp">
      <Filter>Source Files</Filter>
    </ClCompile>
    <ClCompile Include="app\srs_app_http_client.cpp">
      <Filter>Source Files</Filter>
    </ClCompile>
    <ClCompile Include="app\srs_app_http_conn.cpp">
      <Filter>Source Files</Filter>
    </ClCompile>
    <ClCompile Include="app\srs_app_http_hooks.cpp">
      <Filter>Source Files</Filter>
    </ClCompile>
    <ClCompile Include="app\srs_app_http_static.cpp">
      <Filter>Source Files</Filter>
    </ClCompile>
    <ClCompile Include="app\srs_app_http_stream.cpp">
      <Filter>Source Files</Filter>
    </ClCompile>
    <ClCompile Include="app\srs_app_ingest.cpp">
      <Filter>Source Files</Filter>
    </ClCompile>
    <ClCompile Include="app\srs_app_listener.cpp">
      <Filter>Source Files</Filter>
    </ClCompile>
    <ClCompile Include="app\srs_app_log.cpp">
      <Filter>Source Files</Filter>
    </ClCompile>
    <ClCompile Include="app\srs_app_mpegts_udp.cpp">
      <Filter>Source Files</Filter>
    </ClCompile>
    <ClCompile Include="app\srs_app_pithy_print.cpp">
      <Filter>Source Files</Filter>
    </ClCompile>
    <ClCompile Include="app\srs_app_recv_thread.cpp">
      <Filter>Source Files</Filter>
    </ClCompile>
    <ClCompile Include="app\srs_app_refer.cpp">
      <Filter>Source Files</Filter>
    </ClCompile>
    <ClCompile Include="app\srs_app_reload.cpp">
      <Filter>Source Files</Filter>
    </ClCompile>
    <ClCompile Include="app\srs_app_rtmp_conn.cpp">
      <Filter>Source Files</Filter>
    </ClCompile>
    <ClCompile Include="app\srs_app_rtsp.cpp">
      <Filter>Source Files</Filter>
    </ClCompile>
    <ClCompile Include="app\srs_app_security.cpp">
      <Filter>Source Files</Filter>
    </ClCompile>
    <ClCompile Include="app\srs_app_source.cpp">
      <Filter>Source Files</Filter>
    </ClCompile>
    <ClCompile Include="app\srs_app_st.cpp">
      <Filter>Source Files</Filter>
    </ClCompile>
    <ClCompile Include="app\srs_app_statistic.cpp">
      <Filter>Source Files</Filter>
    </ClCompile>
    <ClCompile Include="app\srs_app_thread.cpp">
      <Filter>Source Files</Filter>
    </ClCompile>
  </ItemGroup>
  <ItemGroup>
    <ClInclude Include="app\srs_app_ffmpeg.hpp">
      <Filter>Header Files</Filter>
    </ClInclude>
    <ClInclude Include="app\srs_app_server.hpp">
      <Filter>Header Files</Filter>
    </ClInclude>
    <ClInclude Include="app\srs_app_utility.hpp">
      <Filter>Header Files</Filter>
    </ClInclude>
    <ClInclude Include="app\http_parser.h">
      <Filter>Header Files</Filter>
    </ClInclude>
    <ClInclude Include="app\srs_app_async_call.hpp">
      <Filter>Header Files</Filter>
    </ClInclude>
    <ClInclude Include="app\srs_app_bandwidth.hpp">
      <Filter>Header Files</Filter>
    </ClInclude>
    <ClInclude Include="app\srs_app_caster_flv.hpp">
      <Filter>Header Files</Filter>
    </ClInclude>
    <ClInclude Include="app\srs_app_config.hpp">
      <Filter>Header Files</Filter>
    </ClInclude>
    <ClInclude Include="app\srs_app_conn.hpp">
      <Filter>Header Files</Filter>
    </ClInclude>
    <ClInclude Include="app\srs_app_dvr.hpp">
      <Filter>Header Files</Filter>
    </ClInclude>
    <ClInclude Include="app\srs_app_edge.hpp">
      <Filter>Header Files</Filter>
    </ClInclude>
    <ClInclude Include="app\srs_app_empty.hpp">
      <Filter>Header Files</Filter>
    </ClInclude>
    <ClInclude Include="app\srs_app_encoder.hpp">
      <Filter>Header Files</Filter>
    </ClInclude>
    <ClInclude Include="app\srs_app_forward.hpp">
      <Filter>Header Files</Filter>
    </ClInclude>
    <ClInclude Include="app\srs_app_hds.hpp">
      <Filter>Header Files</Filter>
    </ClInclude>
    <ClInclude Include="app\srs_app_heartbeat.hpp">
      <Filter>Header Files</Filter>
    </ClInclude>
    <ClInclude Include="app\srs_app_hls.hpp">
      <Filter>Header Files</Filter>
    </ClInclude>
    <ClInclude Include="app\srs_app_http_api.hpp">
      <Filter>Header Files</Filter>
    </ClInclude>
    <ClInclude Include="app\srs_app_http_client.hpp">
      <Filter>Header Files</Filter>
    </ClInclude>
    <ClInclude Include="app\srs_app_http_conn.hpp">
      <Filter>Header Files</Filter>
    </ClInclude>
    <ClInclude Include="app\srs_app_http_hooks.hpp">
      <Filter>Header Files</Filter>
    </ClInclude>
    <ClInclude Include="app\srs_app_http_static.hpp">
      <Filter>Header Files</Filter>
    </ClInclude>
    <ClInclude Include="app\srs_app_http_stream.hpp">
      <Filter>Header Files</Filter>
    </ClInclude>
    <ClInclude Include="app\srs_app_ingest.hpp">
      <Filter>Header Files</Filter>
    </ClInclude>
    <ClInclude Include="app\srs_app_listener.hpp">
      <Filter>Header Files</Filter>
    </ClInclude>
    <ClInclude Include="app\srs_app_log.hpp">
      <Filter>Header Files</Filter>
    </ClInclude>
    <ClInclude Include="app\srs_app_mpegts_udp.hpp">
      <Filter>Header Files</Filter>
    </ClInclude>
    <ClInclude Include="app\srs_app_pithy_print.hpp">
      <Filter>Header Files</Filter>
    </ClInclude>
    <ClInclude Include="app\srs_app_recv_thread.hpp">
      <Filter>Header Files</Filter>
    </ClInclude>
    <ClInclude Include="app\srs_app_refer.hpp">
      <Filter>Header Files</Filter>
    </ClInclude>
    <ClInclude Include="app\srs_app_reload.hpp">
      <Filter>Header Files</Filter>
    </ClInclude>
    <ClInclude Include="app\srs_app_rtmp_conn.hpp">
      <Filter>Header Files</Filter>
    </ClInclude>
    <ClInclude Include="app\srs_app_rtsp.hpp">
      <Filter>Header Files</Filter>
    </ClInclude>
    <ClInclude Include="app\srs_app_security.hpp">
      <Filter>Header Files</Filter>
    </ClInclude>
    <ClInclude Include="app\srs_app_source.hpp">
      <Filter>Header Files</Filter>
    </ClInclude>
    <ClInclude Include="app\srs_app_st.hpp">
      <Filter>Header Files</Filter>
    </ClInclude>
    <ClInclude Include="app\srs_app_statistic.hpp">
      <Filter>Header Files</Filter>
    </ClInclude>
    <ClInclude Include="app\srs_app_thread.hpp">
      <Filter>Header Files</Filter>
    </ClInclude>
  </ItemGroup>
</Project>